
Microsoft Visual Studio Solution File, Format Version 12.00
# Visual Studio Version 17
VisualStudioVersion = 17.14.36414.22 d17.14
MinimumVisualStudioVersion = 10.0.40219.1
Project("{FAE04EC0-301F-11D3-BF4B-00C04F79EFBC}") = "CalculadoraVirtual", "CalculadoraVirtual\CalculadoraVirtual.csproj", "{0305F8AF-EC21-4ABC-A2A3-F4EB8758BC66}"
EndProject
Global
	GlobalSection(SolutionConfigurationPlatforms) = preSolution
		Debug|Any CPU = Debug|Any CPU
		Release|Any CPU = Release|Any CPU
	EndGlobalSection
	GlobalSection(ProjectConfigurationPlatforms) = postSolution
		{0305F8AF-EC21-4ABC-A2A3-F4EB8758BC66}.Debug|Any CPU.ActiveCfg = Debug|Any CPU
		{0305F8AF-EC21-4ABC-A2A3-F4EB8758BC66}.Debug|Any CPU.Build.0 = Debug|Any CPU
		{0305F8AF-EC21-4ABC-A2A3-F4EB8758BC66}.Release|Any CPU.ActiveCfg = Release|Any CPU
		{0305F8AF-EC21-4ABC-A2A3-F4EB8758BC66}.Release|Any CPU.Build.0 = Release|Any CPU
	EndGlobalSection
	GlobalSection(SolutionProperties) = preSolution
		HideSolutionNode = FALSE
	EndGlobalSection
	GlobalSection(ExtensibilityGlobals) = postSolution
		SolutionGuid = {96728975-C9E9-4DEB-B0C6-BEB0CBABBF73}
	EndGlobalSection
EndGlobal
