
Microsoft Visual Studio Solution File, Format Version 12.00
# Visual Studio Version 17
VisualStudioVersion = 17.14.36414.22 d17.14
MinimumVisualStudioVersion = 10.0.40219.1
Project("{FAE04EC0-301F-11D3-BF4B-00C04F79EFBC}") = "Laboratorio201", "Laboratorio201\Laboratorio201.csproj", "{D6E4062B-C068-45AC-B392-55EBD156A257}"
EndProject
Project("{FAE04EC0-301F-11D3-BF4B-00C04F79EFBC}") = "Laboratorio202", "Laboratorio202\Laboratorio202.csproj", "{D707DEEE-A0AE-4061-85B9-6DED44D5690E}"
EndProject
Global
	GlobalSection(SolutionConfigurationPlatforms) = preSolution
		Debug|Any CPU = Debug|Any CPU
		Release|Any CPU = Release|Any CPU
	EndGlobalSection
	GlobalSection(ProjectConfigurationPlatforms) = postSolution
		{D6E4062B-C068-45AC-B392-55EBD156A257}.Debug|Any CPU.ActiveCfg = Debug|Any CPU
		{D6E4062B-C068-45AC-B392-55EBD156A257}.Debug|Any CPU.Build.0 = Debug|Any CPU
		{D6E4062B-C068-45AC-B392-55EBD156A257}.Release|Any CPU.ActiveCfg = Release|Any CPU
		{D6E4062B-C068-45AC-B392-55EBD156A257}.Release|Any CPU.Build.0 = Release|Any CPU
		{D707DEEE-A0AE-4061-85B9-6DED44D5690E}.Debug|Any CPU.ActiveCfg = Debug|Any CPU
		{D707DEEE-A0AE-4061-85B9-6DED44D5690E}.Debug|Any CPU.Build.0 = Debug|Any CPU
		{D707DEEE-A0AE-4061-85B9-6DED44D5690E}.Release|Any CPU.ActiveCfg = Release|Any CPU
		{D707DEEE-A0AE-4061-85B9-6DED44D5690E}.Release|Any CPU.Build.0 = Release|Any CPU
	EndGlobalSection
	GlobalSection(SolutionProperties) = preSolution
		HideSolutionNode = FALSE
	EndGlobalSection
	GlobalSection(ExtensibilityGlobals) = postSolution
		SolutionGuid = {FFF5A97B-D9EE-47F4-A985-9779F66BCAA0}
	EndGlobalSection
EndGlobal
