
Microsoft Visual Studio Solution File, Format Version 12.00
# Visual Studio Version 17
VisualStudioVersion = 17.14.36414.22 d17.14
MinimumVisualStudioVersion = 10.0.40219.1
Project("{FAE04EC0-301F-11D3-BF4B-00C04F79EFBC}") = "Laboratorio181", "Laboratorio181\Laboratorio181.csproj", "{B3996426-56ED-4104-9C74-8FBF966B330D}"
EndProject
Global
	GlobalSection(SolutionConfigurationPlatforms) = preSolution
		Debug|Any CPU = Debug|Any CPU
		Release|Any CPU = Release|Any CPU
	EndGlobalSection
	GlobalSection(ProjectConfigurationPlatforms) = postSolution
		{B3996426-56ED-4104-9C74-8FBF966B330D}.Debug|Any CPU.ActiveCfg = Debug|Any CPU
		{B3996426-56ED-4104-9C74-8FBF966B330D}.Debug|Any CPU.Build.0 = Debug|Any CPU
		{B3996426-56ED-4104-9C74-8FBF966B330D}.Release|Any CPU.ActiveCfg = Release|Any CPU
		{B3996426-56ED-4104-9C74-8FBF966B330D}.Release|Any CPU.Build.0 = Release|Any CPU
	EndGlobalSection
	GlobalSection(SolutionProperties) = preSolution
		HideSolutionNode = FALSE
	EndGlobalSection
	GlobalSection(ExtensibilityGlobals) = postSolution
		SolutionGuid = {0D335578-E28F-46AF-86F0-10A73841F943}
	EndGlobalSection
EndGlobal
